<?xml version="1.0" encoding="UTF-8" standalone="yes" ?>
<CodeBlocks_project_file>
	<FileVersion major="1" minor="6" />
	<Project>
		<Option title="Little2DGame" />
		<Option pch_mode="2" />
		<Option compiler="gcc" />
		<Build>
			<Target title="Debug">
				<Option output="bin/Debug/ThisIsALittle2DGame" prefix_auto="1" extension_auto="1" />
				<Option object_output="obj/Debug/" />
				<Option type="1" />
				<Option compiler="gcc" />
				<Compiler>
					<Add option="-g" />
					<Add directory="include" />
					<Add directory="include/Objects" />
					<Add directory="include/Utils" />
				</Compiler>
			</Target>
			<Target title="Release">
				<Option output="bin/Release/ThisIsALittle2DGame" prefix_auto="1" extension_auto="1" />
				<Option object_output="obj/Release/" />
				<Option type="0" />
				<Option compiler="gcc" />
				<Compiler>
					<Add option="-O2" />
					<Add directory="include" />
					<Add directory="include/Objects" />
					<Add directory="include/Utils" />
				</Compiler>
				<Linker>
					<Add option="-s" />
					<Add option="-static-libgcc -static-libstdc++" />
				</Linker>
			</Target>
		</Build>
		<Compiler>
			<Add option="-std=c++11" />
			<Add option="-Wall" />
			<Add directory="C:/SDL2-2.0.3/i686-w64-mingw32/include/SDL2" />
			<Add directory="C:/SDL2_image-2.0.0/i686-w64-mingw32/include/SDL2" />
			<Add directory="C:/SDL2_ttf-2.0.12/i686-w64-mingw32/include/SDL2" />
			<Add directory="C:/SDL2_mixer-2.0.1/i686-w64-mingw32/include/SDL2" />
		</Compiler>
		<Linker>
			<Add option="-lmingw32 -lSDL2main -lSDL2 -lSDL2_image -lSDL2_ttf -lSDL2_mixer" />
			<Add directory="C:/SDL2-2.0.3/i686-w64-mingw32/lib" />
			<Add directory="C:/SDL2_image-2.0.0/i686-w64-mingw32/lib" />
			<Add directory="C:/SDL2_ttf-2.0.12/i686-w64-mingw32/lib" />
			<Add directory="C:/SDL2_mixer-2.0.1/i686-w64-mingw32/lib" />
		</Linker>
		<Unit filename="include/BallisticEngine.h" />
		<Unit filename="include/BottomBar.h" />
		<Unit filename="include/Character.h" />
		<Unit filename="include/CinematicEngine.h" />
		<Unit filename="include/DialogPlayer.h" />
		<Unit filename="include/Game.h" />
		<Unit filename="include/GameObject.h" />
		<Unit filename="include/Item.h" />
		<Unit filename="include/Map.h" />
		<Unit filename="include/Menu.h" />
		<Unit filename="include/Objects/BananaObject.h" />
		<Unit filename="include/Objects/BeastObject.h" />
		<Unit filename="include/Objects/BlobObject.h" />
		<Unit filename="include/Objects/BossObject.h" />
		<Unit filename="include/Objects/ElevatorObject.h" />
		<Unit filename="include/Objects/EndObject.h" />
		<Unit filename="include/Objects/ZombieObject.h" />
		<Unit filename="include/Objects/ZombieSpawner.h" />
		<Unit filename="include/PazookEngine.h" />
		<Unit filename="include/Player.h" />
		<Unit filename="include/PlayerInventory.h" />
		<Unit filename="include/SoundEngine.h" />
		<Unit filename="include/Trigger.h" />
		<Unit filename="include/Utils/IRenderedElement.h" />
		<Unit filename="include/Utils/LMapTexture.h" />
		<Unit filename="include/Utils/LTexture.h" />
		<Unit filename="include/Utils/LTextureFactory.h" />
		<Unit filename="include/Utils/LTimer.h" />
		<Unit filename="main.cpp" />
		<Unit filename="resources.rc">
			<Option compilerVar="WINDRES" />
		</Unit>
		<Unit filename="src/BallisticEngine.cpp" />
		<Unit filename="src/BottomBar.cpp" />
		<Unit filename="src/Character.cpp" />
		<Unit filename="src/CinematicEngine.cpp" />
		<Unit filename="src/Constants.h">
			<Option target="&lt;{~None~}&gt;" />
		</Unit>
		<Unit filename="src/DialogPlayer.cpp" />
		<Unit filename="src/Game.cpp" />
		<Unit filename="src/GameObject.cpp" />
		<Unit filename="src/Item.cpp" />
		<Unit filename="src/Map.cpp" />
		<Unit filename="src/Menu.cpp" />
		<Unit filename="src/Objects/BananaObject.cpp" />
		<Unit filename="src/Objects/BeastObject.cpp" />
		<Unit filename="src/Objects/BlobObject.cpp" />
		<Unit filename="src/Objects/BossObject.cpp" />
		<Unit filename="src/Objects/ElevatorObject.cpp" />
		<Unit filename="src/Objects/EndObject.cpp" />
		<Unit filename="src/Objects/ZombieObject.cpp" />
		<Unit filename="src/Objects/ZombieSpawner.cpp" />
		<Unit filename="src/PazookEngine.cpp" />
		<Unit filename="src/Player.cpp" />
		<Unit filename="src/PlayerInventory.cpp" />
		<Unit filename="src/SoundEngine.cpp" />
		<Unit filename="src/Trigger.cpp" />
		<Unit filename="src/Utils/LMapTexture.cpp" />
		<Unit filename="src/Utils/LTexture.cpp" />
		<Unit filename="src/Utils/LTextureFactory.cpp" />
		<Unit filename="src/Utils/LTimer.cpp" />
		<Extensions>
			<code_completion />
			<envvars />
			<debugger />
			<lib_finder disable_auto="1" />
		</Extensions>
	</Project>
</CodeBlocks_project_file>
